
Microsoft Visual Studio Solution File, Format Version 12.00
Project("{FAE04EC0-301F-11D3-BF4B-00C04F79EFBC}") = "ConsoleApp1", "ConsoleApp1\ConsoleApp1.csproj", "{98E77418-8F0D-480D-935D-EAD41B44CB32}"
EndProject
Project("{FAE04EC0-301F-11D3-BF4B-00C04F79EFBC}") = "ClassLibrary1", "ClassLibrary1\ClassLibrary1.csproj", "{4923CBF9-2ED1-42DA-A2FC-55B361B2E6FF}"
EndProject
Global
	GlobalSection(SolutionConfigurationPlatforms) = preSolution
		Debug|Any CPU = Debug|Any CPU
		Release|Any CPU = Release|Any CPU
	EndGlobalSection
	GlobalSection(ProjectConfigurationPlatforms) = postSolution
		{98E77418-8F0D-480D-935D-EAD41B44CB32}.Debug|Any CPU.ActiveCfg = Debug|Any CPU
		{98E77418-8F0D-480D-935D-EAD41B44CB32}.Debug|Any CPU.Build.0 = Debug|Any CPU
		{98E77418-8F0D-480D-935D-EAD41B44CB32}.Release|Any CPU.ActiveCfg = Release|Any CPU
		{98E77418-8F0D-480D-935D-EAD41B44CB32}.Release|Any CPU.Build.0 = Release|Any CPU
		{4923CBF9-2ED1-42DA-A2FC-55B361B2E6FF}.Debug|Any CPU.ActiveCfg = Debug|Any CPU
		{4923CBF9-2ED1-42DA-A2FC-55B361B2E6FF}.Debug|Any CPU.Build.0 = Debug|Any CPU
		{4923CBF9-2ED1-42DA-A2FC-55B361B2E6FF}.Release|Any CPU.ActiveCfg = Release|Any CPU
		{4923CBF9-2ED1-42DA-A2FC-55B361B2E6FF}.Release|Any CPU.Build.0 = Release|Any CPU
	EndGlobalSection
EndGlobal
